
Microsoft Visual Studio Solution File, Format Version 12.00
# Visual Studio Version 17
VisualStudioVersion = 17.14.37328.6 d17.14
MinimumVisualStudioVersion = 10.0.40219.1
Project("{FAE04EC0-301F-11D3-BF4B-00C04F79EFBC}") = "Lable_Textbox_Kullanimi", "Lable_Textbox_Kullanimi\Lable_Textbox_Kullanimi.csproj", "{A7B50298-B89A-4DA9-82E6-CDF676BFFAAE}"
EndProject
Global
	GlobalSection(SolutionConfigurationPlatforms) = preSolution
		Debug|Any CPU = Debug|Any CPU
		Release|Any CPU = Release|Any CPU
	EndGlobalSection
	GlobalSection(ProjectConfigurationPlatforms) = postSolution
		{A7B50298-B89A-4DA9-82E6-CDF676BFFAAE}.Debug|Any CPU.ActiveCfg = Debug|Any CPU
		{A7B50298-B89A-4DA9-82E6-CDF676BFFAAE}.Debug|Any CPU.Build.0 = Debug|Any CPU
		{A7B50298-B89A-4DA9-82E6-CDF676BFFAAE}.Release|Any CPU.ActiveCfg = Release|Any CPU
		{A7B50298-B89A-4DA9-82E6-CDF676BFFAAE}.Release|Any CPU.Build.0 = Release|Any CPU
	EndGlobalSection
	GlobalSection(SolutionProperties) = preSolution
		HideSolutionNode = FALSE
	EndGlobalSection
	GlobalSection(ExtensibilityGlobals) = postSolution
		SolutionGuid = {D97959E8-318E-4DA9-A783-58573134129F}
	EndGlobalSection
EndGlobal
